PODS:
  - Capacitor (3.4.1):
    - CapacitorCordova
  - CapacitorCordova (3.4.1)

DEPENDENCIES:
  - "Capacitor (from `../../node_modules/@capacitor/ios`)"
  - "CapacitorCordova (from `../../node_modules/@capacitor/ios`)"

EXTERNAL SOURCES:
  Capacitor:
    :path: "../../node_modules/@capacitor/ios"
  CapacitorCordova:
    :path: "../../node_modules/@capacitor/ios"

SPEC CHECKSUMS:
  Capacitor: 9ff0758671daabc97247c8c57a981379bc30bb5f
  CapacitorCordova: 4cf19cbad01e5a9e143e2f28f66c621c362f0f79

PODFILE CHECKSUM: 3554a35ce7ab66a27aff56f83994cbfafcf454bb

COCOAPODS: 1.11.2
